// !$*UTF8*$!
{
	archiveVersion = 1;
	classes = {
	};
	objectVersion = 46;
	objects = {

/* Begin PBXBuildFile section */
		83405B3C137F6DDF0060CAD4 /* MtGox.m in Sources */ = {isa = PBXBuildFile; fileRef = 83405B38137F6DDF0060CAD4 /* MtGox.m */; };
		AA239F511379E67300150707 /* StatusItemView.m in Sources */ = {isa = PBXBuildFile; fileRef = AA239F4E1379E67300150707 /* StatusItemView.m */; };
		AA239F761379F17200150707 /* CoreServices.framework in Frameworks */ = {isa = PBXBuildFile; fileRef = AA239F731379F17200150707 /* CoreServices.framework */; };
		AA239F771379F17200150707 /* libz.dylib in Frameworks */ = {isa = PBXBuildFile; fileRef = AA239F741379F17200150707 /* libz.dylib */; };
		AA239F781379F17200150707 /* SystemConfiguration.framework in Frameworks */ = {isa = PBXBuildFile; fileRef = AA239F751379F17200150707 /* SystemConfiguration.framework */; };
		AA239F7B1379F1B200150707 /* Quartz.framework in Frameworks */ = {isa = PBXBuildFile; fileRef = AA239F791379F1B200150707 /* Quartz.framework */; };
		AA239F7C1379F1B200150707 /* QuartzCore.framework in Frameworks */ = {isa = PBXBuildFile; fileRef = AA239F7A1379F1B200150707 /* QuartzCore.framework */; };
		AA435C0E13A2CB550050F307 /* Dropdown.m in Sources */ = {isa = PBXBuildFile; fileRef = AA435C0D13A2CB550050F307 /* Dropdown.m */; };
		AA4BBA2D1379E31B005CE351 /* Cocoa.framework in Frameworks */ = {isa = PBXBuildFile; fileRef = AA4BBA2C1379E31B005CE351 /* Cocoa.framework */; };
		AA4BBA371379E31C005CE351 /* InfoPlist.strings in Resources */ = {isa = PBXBuildFile; fileRef = AA4BBA351379E31C005CE351 /* InfoPlist.strings */; };
		AA4BBA3A1379E31C005CE351 /* main.m in Sources */ = {isa = PBXBuildFile; fileRef = AA4BBA391379E31C005CE351 /* main.m */; };
		AA4BBA401379E31C005CE351 /* BitTickerAppDelegate.m in Sources */ = {isa = PBXBuildFile; fileRef = AA4BBA3F1379E31C005CE351 /* BitTickerAppDelegate.m */; };
		AA4BBA431379E31C005CE351 /* MainMenu.xib in Resources */ = {isa = PBXBuildFile; fileRef = AA4BBA411379E31C005CE351 /* MainMenu.xib */; };
		AA6E6C4D1399DC3E003A4224 /* Credits.html in Resources */ = {isa = PBXBuildFile; fileRef = AA6E6C4C1399DC3E003A4224 /* Credits.html */; };
		AA79F0A9152ADB0C002C3EEB /* GraphView.m in Sources */ = {isa = PBXBuildFile; fileRef = AA79F0A7152AD215002C3EEB /* GraphView.m */; };
		AAA1992715295E9500025EA2 /* CorePlot.framework in Frameworks */ = {isa = PBXBuildFile; fileRef = AAA1992615295E9500025EA2 /* CorePlot.framework */; };
		AAA1992C1529608E00025EA2 /* CorePlot.framework in CopyFiles */ = {isa = PBXBuildFile; fileRef = AAA1992615295E9500025EA2 /* CorePlot.framework */; };
		AAA19944152969E000025EA2 /* AFHTTPClient.m in Sources */ = {isa = PBXBuildFile; fileRef = AAA1992F152969E000025EA2 /* AFHTTPClient.m */; settings = {COMPILER_FLAGS = "-fno-objc-arc"; }; };
		AAA19945152969E000025EA2 /* AFHTTPRequestOperation.m in Sources */ = {isa = PBXBuildFile; fileRef = AAA19931152969E000025EA2 /* AFHTTPRequestOperation.m */; settings = {COMPILER_FLAGS = "-fno-objc-arc"; }; };
		AAA19946152969E000025EA2 /* AFImageCache.m in Sources */ = {isa = PBXBuildFile; fileRef = AAA19933152969E000025EA2 /* AFImageCache.m */; settings = {COMPILER_FLAGS = "-fno-objc-arc"; }; };
		AAA19947152969E000025EA2 /* AFImageRequestOperation.m in Sources */ = {isa = PBXBuildFile; fileRef = AAA19935152969E000025EA2 /* AFImageRequestOperation.m */; settings = {COMPILER_FLAGS = "-fno-objc-arc"; }; };
		AAA19948152969E000025EA2 /* AFJSONRequestOperation.m in Sources */ = {isa = PBXBuildFile; fileRef = AAA19937152969E000025EA2 /* AFJSONRequestOperation.m */; settings = {COMPILER_FLAGS = "-fno-objc-arc"; }; };
		AAA19949152969E000025EA2 /* AFNetworkActivityIndicatorManager.m in Sources */ = {isa = PBXBuildFile; fileRef = AAA1993A152969E000025EA2 /* AFNetworkActivityIndicatorManager.m */; settings = {COMPILER_FLAGS = "-fno-objc-arc"; }; };
		AAA1994A152969E000025EA2 /* AFPropertyListRequestOperation.m in Sources */ = {isa = PBXBuildFile; fileRef = AAA1993D152969E000025EA2 /* AFPropertyListRequestOperation.m */; settings = {COMPILER_FLAGS = "-fno-objc-arc"; }; };
		AAA1994B152969E000025EA2 /* AFURLConnectionOperation.m in Sources */ = {isa = PBXBuildFile; fileRef = AAA1993F152969E000025EA2 /* AFURLConnectionOperation.m */; settings = {COMPILER_FLAGS = "-fno-objc-arc"; }; };
		AAA1994C152969E000025EA2 /* AFXMLRequestOperation.m in Sources */ = {isa = PBXBuildFile; fileRef = AAA19941152969E000025EA2 /* AFXMLRequestOperation.m */; settings = {COMPILER_FLAGS = "-fno-objc-arc"; }; };
		AAD1726D1399BD3500B505B0 /* Security.framework in Frameworks */ = {isa = PBXBuildFile; fileRef = AAD1726C1399BD3500B505B0 /* Security.framework */; };
		AAD64420137B680E00589EAC /* Logo.icns in Resources */ = {isa = PBXBuildFile; fileRef = AAD6441F137B680E00589EAC /* Logo.icns */; };
/* End PBXBuildFile section */

/* Begin PBXCopyFilesBuildPhase section */
		AAAB15C113A96DF1006C76FC /* CopyFiles */ = {
			isa = PBXCopyFilesBuildPhase;
			buildActionMask = 2147483647;
			dstPath = "";
			dstSubfolderSpec = 10;
			files = (
				AAA1992C1529608E00025EA2 /* CorePlot.framework in CopyFiles */,
			);
			runOnlyForDeploymentPostprocessing = 0;
		};
/* End PBXCopyFilesBuildPhase section */

/* Begin PBXFileReference section */
		83405B37137F6DDF0060CAD4 /* MtGox.h */ = {isa = PBXFileReference; fileEncoding = 4; lastKnownFileType = sourcecode.c.h; path = MtGox.h; sourceTree = "<group>"; };
		83405B38137F6DDF0060CAD4 /* MtGox.m */ = {isa = PBXFileReference; fileEncoding = 4; lastKnownFileType = sourcecode.c.objc; path = MtGox.m; sourceTree = "<group>"; };
		AA239F4D1379E67300150707 /* StatusItemView.h */ = {isa = PBXFileReference; fileEncoding = 4; lastKnownFileType = sourcecode.c.h; path = StatusItemView.h; sourceTree = "<group>"; };
		AA239F4E1379E67300150707 /* StatusItemView.m */ = {isa = PBXFileReference; fileEncoding = 4; lastKnownFileType = sourcecode.c.objc; path = StatusItemView.m; sourceTree = "<group>"; };
		AA239F731379F17200150707 /* CoreServices.framework */ = {isa = PBXFileReference; lastKnownFileType = wrapper.framework; name = CoreServices.framework; path = System/Library/Frameworks/CoreServices.framework; sourceTree = SDKROOT; };
		AA239F741379F17200150707 /* libz.dylib */ = {isa = PBXFileReference; lastKnownFileType = "compiled.mach-o.dylib"; name = libz.dylib; path = usr/lib/libz.dylib; sourceTree = SDKROOT; };
		AA239F751379F17200150707 /* SystemConfiguration.framework */ = {isa = PBXFileReference; lastKnownFileType = wrapper.framework; name = SystemConfiguration.framework; path = System/Library/Frameworks/SystemConfiguration.framework; sourceTree = SDKROOT; };
		AA239F791379F1B200150707 /* Quartz.framework */ = {isa = PBXFileReference; lastKnownFileType = wrapper.framework; name = Quartz.framework; path = System/Library/Frameworks/Quartz.framework; sourceTree = SDKROOT; };
		AA239F7A1379F1B200150707 /* QuartzCore.framework */ = {isa = PBXFileReference; lastKnownFileType = wrapper.framework; name = QuartzCore.framework; path = System/Library/Frameworks/QuartzCore.framework; sourceTree = SDKROOT; };
		AA435C0C13A2CB550050F307 /* Dropdown.h */ = {isa = PBXFileReference; fileEncoding = 4; lastKnownFileType = sourcecode.c.h; path = Dropdown.h; sourceTree = "<group>"; };
		AA435C0D13A2CB550050F307 /* Dropdown.m */ = {isa = PBXFileReference; fileEncoding = 4; lastKnownFileType = sourcecode.c.objc; path = Dropdown.m; sourceTree = "<group>"; };
		AA4BBA281379E31B005CE351 /* BitTicker.app */ = {isa = PBXFileReference; explicitFileType = wrapper.application; includeInIndex = 0; path = BitTicker.app; sourceTree = BUILT_PRODUCTS_DIR; };
		AA4BBA2C1379E31B005CE351 /* Cocoa.framework */ = {isa = PBXFileReference; lastKnownFileType = wrapper.framework; name = Cocoa.framework; path = System/Library/Frameworks/Cocoa.framework; sourceTree = SDKROOT; };
		AA4BBA2F1379E31B005CE351 /* AppKit.framework */ = {isa = PBXFileReference; lastKnownFileType = wrapper.framework; name = AppKit.framework; path = System/Library/Frameworks/AppKit.framework; sourceTree = SDKROOT; };
		AA4BBA301379E31B005CE351 /* CoreData.framework */ = {isa = PBXFileReference; lastKnownFileType = wrapper.framework; name = CoreData.framework; path = System/Library/Frameworks/CoreData.framework; sourceTree = SDKROOT; };
		AA4BBA311379E31B005CE351 /* Foundation.framework */ = {isa = PBXFileReference; lastKnownFileType = wrapper.framework; name = Foundation.framework; path = System/Library/Frameworks/Foundation.framework; sourceTree = SDKROOT; };
		AA4BBA341379E31C005CE351 /* BitTicker-Info.plist */ = {isa = PBXFileReference; lastKnownFileType = text.plist.xml; path = "BitTicker-Info.plist"; sourceTree = "<group>"; };
		AA4BBA361379E31C005CE351 /* en */ = {isa = PBXFileReference; lastKnownFileType = text.plist.strings; name = en; path = en.lproj/InfoPlist.strings; sourceTree = "<group>"; };
		AA4BBA381379E31C005CE351 /* BitTicker-Prefix.pch */ = {isa = PBXFileReference; lastKnownFileType = sourcecode.c.h; path = "BitTicker-Prefix.pch"; sourceTree = "<group>"; };
		AA4BBA391379E31C005CE351 /* main.m */ = {isa = PBXFileReference; lastKnownFileType = sourcecode.c.objc; path = main.m; sourceTree = "<group>"; };
		AA4BBA3E1379E31C005CE351 /* BitTickerAppDelegate.h */ = {isa = PBXFileReference; lastKnownFileType = sourcecode.c.h; path = BitTickerAppDelegate.h; sourceTree = "<group>"; };
		AA4BBA3F1379E31C005CE351 /* BitTickerAppDelegate.m */ = {isa = PBXFileReference; lastKnownFileType = sourcecode.c.objc; path = BitTickerAppDelegate.m; sourceTree = "<group>"; };
		AA4BBA421379E31C005CE351 /* en */ = {isa = PBXFileReference; lastKnownFileType = file.xib; name = en; path = en.lproj/MainMenu.xib; sourceTree = "<group>"; };
		AA6E6C4C1399DC3E003A4224 /* Credits.html */ = {isa = PBXFileReference; fileEncoding = 4; lastKnownFileType = text.html; path = Credits.html; sourceTree = "<group>"; };
		AA79F0A6152AD215002C3EEB /* GraphView.h */ = {isa = PBXFileReference; lastKnownFileType = sourcecode.c.h; path = GraphView.h; sourceTree = "<group>"; };
		AA79F0A7152AD215002C3EEB /* GraphView.m */ = {isa = PBXFileReference; lastKnownFileType = sourcecode.c.objc; path = GraphView.m; sourceTree = "<group>"; };
		AA79F0A8152AD664002C3EEB /* BitTicker.entitlements */ = {isa = PBXFileReference; lastKnownFileType = text.xml; path = BitTicker.entitlements; sourceTree = "<group>"; };
		AAA1992615295E9500025EA2 /* CorePlot.framework */ = {isa = PBXFileReference; lastKnownFileType = wrapper.framework; name = CorePlot.framework; path = ../../Libraries/CorePlot_1.0/Binaries/MacOS/CorePlot.framework; sourceTree = "<group>"; };
		AAA1992E152969E000025EA2 /* AFHTTPClient.h */ = {isa = PBXFileReference; fileEncoding = 4; lastKnownFileType = sourcecode.c.h; path = AFHTTPClient.h; sourceTree = "<group>"; };
		AAA1992F152969E000025EA2 /* AFHTTPClient.m */ = {isa = PBXFileReference; fileEncoding = 4; lastKnownFileType = sourcecode.c.objc; path = AFHTTPClient.m; sourceTree = "<group>"; };
		AAA19930152969E000025EA2 /* AFHTTPRequestOperation.h */ = {isa = PBXFileReference; fileEncoding = 4; lastKnownFileType = sourcecode.c.h; path = AFHTTPRequestOperation.h; sourceTree = "<group>"; };
		AAA19931152969E000025EA2 /* AFHTTPRequestOperation.m */ = {isa = PBXFileReference; fileEncoding = 4; lastKnownFileType = sourcecode.c.objc; path = AFHTTPRequestOperation.m; sourceTree = "<group>"; };
		AAA19932152969E000025EA2 /* AFImageCache.h */ = {isa = PBXFileReference; fileEncoding = 4; lastKnownFileType = sourcecode.c.h; path = AFImageCache.h; sourceTree = "<group>"; };
		AAA19933152969E000025EA2 /* AFImageCache.m */ = {isa = PBXFileReference; fileEncoding = 4; lastKnownFileType = sourcecode.c.objc; path = AFImageCache.m; sourceTree = "<group>"; };
		AAA19934152969E000025EA2 /* AFImageRequestOperation.h */ = {isa = PBXFileReference; fileEncoding = 4; lastKnownFileType = sourcecode.c.h; path = AFImageRequestOperation.h; sourceTree = "<group>"; };
		AAA19935152969E000025EA2 /* AFImageRequestOperation.m */ = {isa = PBXFileReference; fileEncoding = 4; lastKnownFileType = sourcecode.c.objc; path = AFImageRequestOperation.m; sourceTree = "<group>"; };
		AAA19936152969E000025EA2 /* AFJSONRequestOperation.h */ = {isa = PBXFileReference; fileEncoding = 4; lastKnownFileType = sourcecode.c.h; path = AFJSONRequestOperation.h; sourceTree = "<group>"; };
		AAA19937152969E000025EA2 /* AFJSONRequestOperation.m */ = {isa = PBXFileReference; fileEncoding = 4; lastKnownFileType = sourcecode.c.objc; path = AFJSONRequestOperation.m; sourceTree = "<group>"; };
		AAA19938152969E000025EA2 /* AFJSONUtilities.h */ = {isa = PBXFileReference; fileEncoding = 4; lastKnownFileType = sourcecode.c.h; path = AFJSONUtilities.h; sourceTree = "<group>"; };
		AAA19939152969E000025EA2 /* AFNetworkActivityIndicatorManager.h */ = {isa = PBXFileReference; fileEncoding = 4; lastKnownFileType = sourcecode.c.h; path = AFNetworkActivityIndicatorManager.h; sourceTree = "<group>"; };
		AAA1993A152969E000025EA2 /* AFNetworkActivityIndicatorManager.m */ = {isa = PBXFileReference; fileEncoding = 4; lastKnownFileType = sourcecode.c.objc; path = AFNetworkActivityIndicatorManager.m; sourceTree = "<group>"; };
		AAA1993B152969E000025EA2 /* AFNetworking.h */ = {isa = PBXFileReference; fileEncoding = 4; lastKnownFileType = sourcecode.c.h; path = AFNetworking.h; sourceTree = "<group>"; };
		AAA1993C152969E000025EA2 /* AFPropertyListRequestOperation.h */ = {isa = PBXFileReference; fileEncoding = 4; lastKnownFileType = sourcecode.c.h; path = AFPropertyListRequestOperation.h; sourceTree = "<group>"; };
		AAA1993D152969E000025EA2 /* AFPropertyListRequestOperation.m */ = {isa = PBXFileReference; fileEncoding = 4; lastKnownFileType = sourcecode.c.objc; path = AFPropertyListRequestOperation.m; sourceTree = "<group>"; };
		AAA1993E152969E000025EA2 /* AFURLConnectionOperation.h */ = {isa = PBXFileReference; fileEncoding = 4; lastKnownFileType = sourcecode.c.h; path = AFURLConnectionOperation.h; sourceTree = "<group>"; };
		AAA1993F152969E000025EA2 /* AFURLConnectionOperation.m */ = {isa = PBXFileReference; fileEncoding = 4; lastKnownFileType = sourcecode.c.objc; path = AFURLConnectionOperation.m; sourceTree = "<group>"; };
		AAA19940152969E000025EA2 /* AFXMLRequestOperation.h */ = {isa = PBXFileReference; fileEncoding = 4; lastKnownFileType = sourcecode.c.h; path = AFXMLRequestOperation.h; sourceTree = "<group>"; };
		AAA19941152969E000025EA2 /* AFXMLRequestOperation.m */ = {isa = PBXFileReference; fileEncoding = 4; lastKnownFileType = sourcecode.c.objc; path = AFXMLRequestOperation.m; sourceTree = "<group>"; };
		AAD1726C1399BD3500B505B0 /* Security.framework */ = {isa = PBXFileReference; lastKnownFileType = wrapper.framework; name = Security.framework; path = System/Library/Frameworks/Security.framework; sourceTree = SDKROOT; };
		AAD6441F137B680E00589EAC /* Logo.icns */ = {isa = PBXFileReference; lastKnownFileType = image.icns; path = Logo.icns; sourceTree = "<group>"; };
/* End PBXFileReference section */

/* Begin PBXFrameworksBuildPhase section */
		AA4BBA251379E31B005CE351 /* Frameworks */ = {
			isa = PBXFrameworksBuildPhase;
			buildActionMask = 2147483647;
			files = (
				AAD1726D1399BD3500B505B0 /* Security.framework in Frameworks */,
				AA239F7B1379F1B200150707 /* Quartz.framework in Frameworks */,
				AA239F7C1379F1B200150707 /* QuartzCore.framework in Frameworks */,
				AA239F761379F17200150707 /* CoreServices.framework in Frameworks */,
				AA239F771379F17200150707 /* libz.dylib in Frameworks */,
				AA239F781379F17200150707 /* SystemConfiguration.framework in Frameworks */,
				AA4BBA2D1379E31B005CE351 /* Cocoa.framework in Frameworks */,
				AAA1992715295E9500025EA2 /* CorePlot.framework in Frameworks */,
			);
			runOnlyForDeploymentPostprocessing = 0;
		};
/* End PBXFrameworksBuildPhase section */

/* Begin PBXGroup section */
		837DF12E139B2EC8009987F3 /* Nibs */ = {
			isa = PBXGroup;
			children = (
				AA4BBA411379E31C005CE351 /* MainMenu.xib */,
			);
			name = Nibs;
			sourceTree = "<group>";
		};
		AA4BBA1D1379E31B005CE351 = {
			isa = PBXGroup;
			children = (
				AA4BBA321379E31B005CE351 /* BitTicker */,
				AA4BBA2B1379E31B005CE351 /* Frameworks */,
				AA4BBA291379E31B005CE351 /* Products */,
			);
			sourceTree = "<group>";
		};
		AA4BBA291379E31B005CE351 /* Products */ = {
			isa = PBXGroup;
			children = (
				AA4BBA281379E31B005CE351 /* BitTicker.app */,
			);
			name = Products;
			sourceTree = "<group>";
		};
		AA4BBA2B1379E31B005CE351 /* Frameworks */ = {
			isa = PBXGroup;
			children = (
				AAA1992D152969E000025EA2 /* AFNetworking */,
				AAA1992615295E9500025EA2 /* CorePlot.framework */,
				AAD1726C1399BD3500B505B0 /* Security.framework */,
				AA4BBA2C1379E31B005CE351 /* Cocoa.framework */,
				AA4BBA2E1379E31B005CE351 /* Other Frameworks */,
			);
			name = Frameworks;
			sourceTree = "<group>";
		};
		AA4BBA2E1379E31B005CE351 /* Other Frameworks */ = {
			isa = PBXGroup;
			children = (
				AA239F791379F1B200150707 /* Quartz.framework */,
				AA239F7A1379F1B200150707 /* QuartzCore.framework */,
				AA239F741379F17200150707 /* libz.dylib */,
				AA239F731379F17200150707 /* CoreServices.framework */,
				AA239F751379F17200150707 /* SystemConfiguration.framework */,
				AA4BBA2F1379E31B005CE351 /* AppKit.framework */,
				AA4BBA301379E31B005CE351 /* CoreData.framework */,
				AA4BBA311379E31B005CE351 /* Foundation.framework */,
			);
			name = "Other Frameworks";
			sourceTree = "<group>";
		};
		AA4BBA321379E31B005CE351 /* BitTicker */ = {
			isa = PBXGroup;
			children = (
				AA79F0A8152AD664002C3EEB /* BitTicker.entitlements */,
				83405B37137F6DDF0060CAD4 /* MtGox.h */,
				83405B38137F6DDF0060CAD4 /* MtGox.m */,
				AA239F4D1379E67300150707 /* StatusItemView.h */,
				AA239F4E1379E67300150707 /* StatusItemView.m */,
				AA435C0C13A2CB550050F307 /* Dropdown.h */,
				AA435C0D13A2CB550050F307 /* Dropdown.m */,
				AA79F0A6152AD215002C3EEB /* GraphView.h */,
				AA79F0A7152AD215002C3EEB /* GraphView.m */,
				AA4BBA3E1379E31C005CE351 /* BitTickerAppDelegate.h */,
				AA4BBA3F1379E31C005CE351 /* BitTickerAppDelegate.m */,
				837DF12E139B2EC8009987F3 /* Nibs */,
				AA4BBA331379E31B005CE351 /* Supporting Files */,
			);
			path = BitTicker;
			sourceTree = "<group>";
		};
		AA4BBA331379E31B005CE351 /* Supporting Files */ = {
			isa = PBXGroup;
			children = (
				AAD6441F137B680E00589EAC /* Logo.icns */,
				AA4BBA341379E31C005CE351 /* BitTicker-Info.plist */,
				AA4BBA351379E31C005CE351 /* InfoPlist.strings */,
				AA4BBA381379E31C005CE351 /* BitTicker-Prefix.pch */,
				AA4BBA391379E31C005CE351 /* main.m */,
				AA6E6C4C1399DC3E003A4224 /* Credits.html */,
			);
			name = "Supporting Files";
			sourceTree = "<group>";
		};
		AAA1992D152969E000025EA2 /* AFNetworking */ = {
			isa = PBXGroup;
			children = (
				AAA1992E152969E000025EA2 /* AFHTTPClient.h */,
				AAA1992F152969E000025EA2 /* AFHTTPClient.m */,
				AAA19930152969E000025EA2 /* AFHTTPRequestOperation.h */,
				AAA19931152969E000025EA2 /* AFHTTPRequestOperation.m */,
				AAA19932152969E000025EA2 /* AFImageCache.h */,
				AAA19933152969E000025EA2 /* AFImageCache.m */,
				AAA19934152969E000025EA2 /* AFImageRequestOperation.h */,
				AAA19935152969E000025EA2 /* AFImageRequestOperation.m */,
				AAA19936152969E000025EA2 /* AFJSONRequestOperation.h */,
				AAA19937152969E000025EA2 /* AFJSONRequestOperation.m */,
				AAA19938152969E000025EA2 /* AFJSONUtilities.h */,
				AAA19939152969E000025EA2 /* AFNetworkActivityIndicatorManager.h */,
				AAA1993A152969E000025EA2 /* AFNetworkActivityIndicatorManager.m */,
				AAA1993B152969E000025EA2 /* AFNetworking.h */,
				AAA1993C152969E000025EA2 /* AFPropertyListRequestOperation.h */,
				AAA1993D152969E000025EA2 /* AFPropertyListRequestOperation.m */,
				AAA1993E152969E000025EA2 /* AFURLConnectionOperation.h */,
				AAA1993F152969E000025EA2 /* AFURLConnectionOperation.m */,
				AAA19940152969E000025EA2 /* AFXMLRequestOperation.h */,
				AAA19941152969E000025EA2 /* AFXMLRequestOperation.m */,
			);
			name = AFNetworking;
			path = ../../Libraries/AFNetworking/AFNetworking;
			sourceTree = "<group>";
		};
/* End PBXGroup section */

/* Begin PBXNativeTarget section */
		AA4BBA271379E31B005CE351 /* BitTicker */ = {
			isa = PBXNativeTarget;
			buildConfigurationList = AA4BBA461379E31C005CE351 /* Build configuration list for PBXNativeTarget "BitTicker" */;
			buildPhases = (
				AA4BBA241379E31B005CE351 /* Sources */,
				AA4BBA251379E31B005CE351 /* Frameworks */,
				AA4BBA261379E31B005CE351 /* Resources */,
				AAAB15C113A96DF1006C76FC /* CopyFiles */,
			);
			buildRules = (
			);
			dependencies = (
			);
			name = BitTicker;
			productName = BitTicker;
			productReference = AA4BBA281379E31B005CE351 /* BitTicker.app */;
			productType = "com.apple.product-type.application";
		};
/* End PBXNativeTarget section */

/* Begin PBXProject section */
		AA4BBA1F1379E31B005CE351 /* Project object */ = {
			isa = PBXProject;
			attributes = {
				LastUpgradeCheck = 0430;
				ORGANIZATIONNAME = none;
			};
			buildConfigurationList = AA4BBA221379E31B005CE351 /* Build configuration list for PBXProject "BitTicker" */;
			compatibilityVersion = "Xcode 3.2";
			developmentRegion = English;
			hasScannedForEncodings = 0;
			knownRegions = (
				en,
			);
			mainGroup = AA4BBA1D1379E31B005CE351;
			productRefGroup = AA4BBA291379E31B005CE351 /* Products */;
			projectDirPath = "";
			projectRoot = "";
			targets = (
				AA4BBA271379E31B005CE351 /* BitTicker */,
			);
		};
/* End PBXProject section */

/* Begin PBXResourcesBuildPhase section */
		AA4BBA261379E31B005CE351 /* Resources */ = {
			isa = PBXResourcesBuildPhase;
			buildActionMask = 2147483647;
			files = (
				AA4BBA371379E31C005CE351 /* InfoPlist.strings in Resources */,
				AA4BBA431379E31C005CE351 /* MainMenu.xib in Resources */,
				AAD64420137B680E00589EAC /* Logo.icns in Resources */,
				AA6E6C4D1399DC3E003A4224 /* Credits.html in Resources */,
			);
			runOnlyForDeploymentPostprocessing = 0;
		};
/* End PBXResourcesBuildPhase section */

/* Begin PBXSourcesBuildPhase section */
		AA4BBA241379E31B005CE351 /* Sources */ = {
			isa = PBXSourcesBuildPhase;
			buildActionMask = 2147483647;
			files = (
				AA79F0A9152ADB0C002C3EEB /* GraphView.m in Sources */,
				AA4BBA3A1379E31C005CE351 /* main.m in Sources */,
				AA4BBA401379E31C005CE351 /* BitTickerAppDelegate.m in Sources */,
				AA239F511379E67300150707 /* StatusItemView.m in Sources */,
				83405B3C137F6DDF0060CAD4 /* MtGox.m in Sources */,
				AA435C0E13A2CB550050F307 /* Dropdown.m in Sources */,
				AAA19944152969E000025EA2 /* AFHTTPClient.m in Sources */,
				AAA19945152969E000025EA2 /* AFHTTPRequestOperation.m in Sources */,
				AAA19946152969E000025EA2 /* AFImageCache.m in Sources */,
				AAA19947152969E000025EA2 /* AFImageRequestOperation.m in Sources */,
				AAA19948152969E000025EA2 /* AFJSONRequestOperation.m in Sources */,
				AAA19949152969E000025EA2 /* AFNetworkActivityIndicatorManager.m in Sources */,
				AAA1994A152969E000025EA2 /* AFPropertyListRequestOperation.m in Sources */,
				AAA1994B152969E000025EA2 /* AFURLConnectionOperation.m in Sources */,
				AAA1994C152969E000025EA2 /* AFXMLRequestOperation.m in Sources */,
			);
			runOnlyForDeploymentPostprocessing = 0;
		};
/* End PBXSourcesBuildPhase section */

/* Begin PBXVariantGroup section */
		AA4BBA351379E31C005CE351 /* InfoPlist.strings */ = {
			isa = PBXVariantGroup;
			children = (
				AA4BBA361379E31C005CE351 /* en */,
			);
			name = InfoPlist.strings;
			sourceTree = "<group>";
		};
		AA4BBA411379E31C005CE351 /* MainMenu.xib */ = {
			isa = PBXVariantGroup;
			children = (
				AA4BBA421379E31C005CE351 /* en */,
			);
			name = MainMenu.xib;
			sourceTree = "<group>";
		};
/* End PBXVariantGroup section */

/* Begin XCBuildConfiguration section */
		AA4BBA441379E31C005CE351 /* Debug */ = {
			isa = XCBuildConfiguration;
			buildSettings = {
				ARCHS = "$(ARCHS_STANDARD_32_64_BIT)";
				GCC_C_LANGUAGE_STANDARD = gnu99;
				GCC_OPTIMIZATION_LEVEL = 0;
				GCC_PREPROCESSOR_DEFINITIONS = DEBUG;
				GCC_SYMBOLS_PRIVATE_EXTERN = NO;
				GCC_VERSION = com.apple.compilers.llvm.clang.1_0;
				GCC_WARN_64_TO_32_BIT_CONVERSION = YES;
				GCC_WARN_ABOUT_RETURN_TYPE = YES;
				GCC_WARN_UNUSED_VARIABLE = YES;
				MACOSX_DEPLOYMENT_TARGET = 10.6;
				ONLY_ACTIVE_ARCH = YES;
				SDKROOT = macosx;
			};
			name = Debug;
		};
		AA4BBA451379E31C005CE351 /* Release */ = {
			isa = XCBuildConfiguration;
			buildSettings = {
				ARCHS = "$(ARCHS_STANDARD_32_64_BIT)";
				GCC_C_LANGUAGE_STANDARD = gnu99;
				GCC_VERSION = com.apple.compilers.llvm.clang.1_0;
				GCC_WARN_64_TO_32_BIT_CONVERSION = YES;
				GCC_WARN_ABOUT_RETURN_TYPE = YES;
				GCC_WARN_UNUSED_VARIABLE = YES;
				MACOSX_DEPLOYMENT_TARGET = 10.6;
				SDKROOT = macosx;
			};
			name = Release;
		};
		AA4BBA471379E31C005CE351 /* Debug */ = {
			isa = XCBuildConfiguration;
			buildSettings = {
				ALWAYS_SEARCH_USER_PATHS = NO;
				ARCHS = "$(ARCHS_STANDARD_64_BIT)";
				CLANG_ENABLE_OBJC_ARC = YES;
				CODE_SIGN_ENTITLEMENTS = BitTicker/BitTicker.entitlements;
				COPY_PHASE_STRIP = NO;
				FRAMEWORK_SEARCH_PATHS = (
					"$(inherited)",
					"\"$(SRCROOT)\"",
					"\"$(SRCROOT)/../../Libraries/CorePlot_1.0/Binaries/MacOS\"",
				);
				GCC_DYNAMIC_NO_PIC = NO;
				GCC_ENABLE_OBJC_EXCEPTIONS = YES;
				GCC_PRECOMPILE_PREFIX_HEADER = YES;
				GCC_PREFIX_HEADER = "BitTicker/BitTicker-Prefix.pch";
				HEADER_SEARCH_PATHS = "\"$(SRCROOT)/../../Libraries/CorePlot_1.0/Binaries/MacOS/CorePlot.framework/Headers/\"";
				INFOPLIST_FILE = "BitTicker/BitTicker-Info.plist";
				PRODUCT_NAME = "$(TARGET_NAME)";
				PROVISIONING_PROFILE = "";
				WRAPPER_EXTENSION = app;
			};
			name = Debug;
		};
		AA4BBA481379E31C005CE351 /* Release */ = {
			isa = XCBuildConfiguration;
			buildSettings = {
				ALWAYS_SEARCH_USER_PATHS = NO;
				ARCHS = "$(ARCHS_STANDARD_64_BIT)";
				CLANG_ENABLE_OBJC_ARC = YES;
				CODE_SIGN_ENTITLEMENTS = BitTicker/BitTicker.entitlements;
				COPY_PHASE_STRIP = YES;
				DEBUG_INFORMATION_FORMAT = "dwarf-with-dsym";
				FRAMEWORK_SEARCH_PATHS = (
					"$(inherited)",
					"\"$(SRCROOT)\"",
					"\"$(SRCROOT)/../../Libraries/CorePlot_1.0/Binaries/MacOS\"",
				);
				GCC_ENABLE_OBJC_EXCEPTIONS = YES;
				GCC_PRECOMPILE_PREFIX_HEADER = YES;
				GCC_PREFIX_HEADER = "BitTicker/BitTicker-Prefix.pch";
				HEADER_SEARCH_PATHS = "\"$(SRCROOT)/../../Libraries/CorePlot_1.0/Binaries/MacOS/CorePlot.framework/Headers/\"";
				INFOPLIST_FILE = "BitTicker/BitTicker-Info.plist";
				PRODUCT_NAME = "$(TARGET_NAME)";
				PROVISIONING_PROFILE = "";
				WRAPPER_EXTENSION = app;
			};
			name = Release;
		};
/* End XCBuildConfiguration section */

/* Begin XCConfigurationList section */
		AA4BBA221379E31B005CE351 /* Build configuration list for PBXProject "BitTicker" */ = {
			isa = XCConfigurationList;
			buildConfigurations = (
				AA4BBA441379E31C005CE351 /* Debug */,
				AA4BBA451379E31C005CE351 /* Release */,
			);
			defaultConfigurationIsVisible = 0;
			defaultConfigurationName = Release;
		};
		AA4BBA461379E31C005CE351 /* Build configuration list for PBXNativeTarget "BitTicker" */ = {
			isa = XCConfigurationList;
			buildConfigurations = (
				AA4BBA471379E31C005CE351 /* Debug */,
				AA4BBA481379E31C005CE351 /* Release */,
			);
			defaultConfigurationIsVisible = 0;
			defaultConfigurationName = Release;
		};
/* End XCConfigurationList section */
	};
	rootObject = AA4BBA1F1379E31B005CE351 /* Project object */;
}
